
Microsoft Visual Studio Solution File, Format Version 12.00
# Visual Studio 14
VisualStudioVersion = 14.0.24720.0
MinimumVisualStudioVersion = 10.0.40219.1
Project("{2150E333-8FDC-42A3-9474-1A3956D46DE8}") = "Core", "Core", "{8E833500-AD44-4E2B-BF30-FA0F2BCB9226}"
EndProject
Project("{8BB2217D-0F2D-49D1-97BC-3654ED321F3B}") = "Piranha.Core", "core\Piranha.Core\Piranha.Core.xproj", "{450599F6-0963-4801-97B2-4BF10B55BCFD}"
EndProject
Project("{2150E333-8FDC-42A3-9474-1A3956D46DE8}") = "Solution Items", "Solution Items", "{397B9BC4-9825-4F5F-8BF0-DD2B5DDE29B5}"
	ProjectSection(SolutionItems) = preProject
		core\Piranha.Core\global.json = core\Piranha.Core\global.json
		global.json = global.json
	EndProjectSection
EndProject
Project("{2150E333-8FDC-42A3-9474-1A3956D46DE8}") = "Examples", "Examples", "{8EE6B35B-7736-462F-86AC-9DF014D1AE17}"
EndProject
Project("{8BB2217D-0F2D-49D1-97BC-3654ED321F3B}") = "Blog", "examples\Blog\Blog.xproj", "{1C32252B-E387-4014-939C-5C67965AF567}"
EndProject
Project("{8BB2217D-0F2D-49D1-97BC-3654ED321F3B}") = "Piranha.Data", "core\Piranha.Data\Piranha.Data.xproj", "{B1262269-4028-4F55-9461-EA228B4F7FD8}"
EndProject
Global
	GlobalSection(SolutionConfigurationPlatforms) = preSolution
		Debug|Any CPU = Debug|Any CPU
		Release|Any CPU = Release|Any CPU
	EndGlobalSection
	GlobalSection(ProjectConfigurationPlatforms) = postSolution
		{450599F6-0963-4801-97B2-4BF10B55BCFD}.Debug|Any CPU.ActiveCfg = Debug|Any CPU
		{450599F6-0963-4801-97B2-4BF10B55BCFD}.Debug|Any CPU.Build.0 = Debug|Any CPU
		{450599F6-0963-4801-97B2-4BF10B55BCFD}.Release|Any CPU.ActiveCfg = Release|Any CPU
		{450599F6-0963-4801-97B2-4BF10B55BCFD}.Release|Any CPU.Build.0 = Release|Any CPU
		{1C32252B-E387-4014-939C-5C67965AF567}.Debug|Any CPU.ActiveCfg = Debug|Any CPU
		{1C32252B-E387-4014-939C-5C67965AF567}.Debug|Any CPU.Build.0 = Debug|Any CPU
		{1C32252B-E387-4014-939C-5C67965AF567}.Release|Any CPU.ActiveCfg = Release|Any CPU
		{1C32252B-E387-4014-939C-5C67965AF567}.Release|Any CPU.Build.0 = Release|Any CPU
		{B1262269-4028-4F55-9461-EA228B4F7FD8}.Debug|Any CPU.ActiveCfg = Debug|Any CPU
		{B1262269-4028-4F55-9461-EA228B4F7FD8}.Debug|Any CPU.Build.0 = Debug|Any CPU
		{B1262269-4028-4F55-9461-EA228B4F7FD8}.Release|Any CPU.ActiveCfg = Release|Any CPU
		{B1262269-4028-4F55-9461-EA228B4F7FD8}.Release|Any CPU.Build.0 = Release|Any CPU
	EndGlobalSection
	GlobalSection(SolutionProperties) = preSolution
		HideSolutionNode = FALSE
	EndGlobalSection
	GlobalSection(NestedProjects) = preSolution
		{450599F6-0963-4801-97B2-4BF10B55BCFD} = {8E833500-AD44-4E2B-BF30-FA0F2BCB9226}
		{1C32252B-E387-4014-939C-5C67965AF567} = {8EE6B35B-7736-462F-86AC-9DF014D1AE17}
		{B1262269-4028-4F55-9461-EA228B4F7FD8} = {8E833500-AD44-4E2B-BF30-FA0F2BCB9226}
	EndGlobalSection
EndGlobal
