
Microsoft Visual Studio Solution File, Format Version 12.00
# Visual Studio 14
VisualStudioVersion = 14.0.25420.1
MinimumVisualStudioVersion = 10.0.40219.1
Project("{2150E333-8FDC-42A3-9474-1A3956D46DE8}") = "src", "src", "{AFB9C732-D409-4431-A6E0-C07669B32FDB}"
EndProject
Project("{2150E333-8FDC-42A3-9474-1A3956D46DE8}") = "Solution Items", "Solution Items", "{A5E34D30-398D-4120-AEE5-43F6EE870B76}"
	ProjectSection(SolutionItems) = preProject
		global.json = global.json
	EndProjectSection
EndProject
Project("{2150E333-8FDC-42A3-9474-1A3956D46DE8}") = "core", "core", "{21F191FF-B150-4249-8357-7EC8BC9D779A}"
EndProject
Project("{8BB2217D-0F2D-49D1-97BC-3654ED321F3B}") = "Piranha.Core", "src\core\Piranha.Core\Piranha.Core.xproj", "{2B129875-A1E2-477C-9D8D-98FDFF3AB486}"
EndProject
Project("{8BB2217D-0F2D-49D1-97BC-3654ED321F3B}") = "Piranha.AspNet", "src\core\Piranha.AspNet\Piranha.AspNet.xproj", "{CC3B9B69-5083-4ABA-9724-9DAE7FF8F90D}"
EndProject
Project("{2150E333-8FDC-42A3-9474-1A3956D46DE8}") = "data", "data", "{E1CF7D8D-3984-4A8E-81D1-5C287B219ED8}"
EndProject
Project("{8BB2217D-0F2D-49D1-97BC-3654ED321F3B}") = "Piranha.EF", "src\data\Piranha.EF\Piranha.EF.xproj", "{1B1A63FC-0DE0-4FA5-B63D-163888A7A965}"
EndProject
Project("{2150E333-8FDC-42A3-9474-1A3956D46DE8}") = "env", "env", "{0A074A6C-6F0D-4D5D-9DB4-F5C972975C47}"
EndProject
Project("{8BB2217D-0F2D-49D1-97BC-3654ED321F3B}") = "Piranha.Azure", "src\env\Piranha.Azure\Piranha.Azure.xproj", "{55FCB9F6-69D2-405D-B498-DDAFB00B7C7B}"
EndProject
Project("{2150E333-8FDC-42A3-9474-1A3956D46DE8}") = "examples", "examples", "{7541308A-E3C2-41A6-9D3C-49523A4212BE}"
EndProject
Project("{8BB2217D-0F2D-49D1-97BC-3654ED321F3B}") = "Blog", "src\examples\Blog\Blog.xproj", "{01FBB170-EA99-46FC-93AC-D0BA0B18C289}"
EndProject
Global
	GlobalSection(SolutionConfigurationPlatforms) = preSolution
		Debug|Any CPU = Debug|Any CPU
		Release|Any CPU = Release|Any CPU
	EndGlobalSection
	GlobalSection(ProjectConfigurationPlatforms) = postSolution
		{2B129875-A1E2-477C-9D8D-98FDFF3AB486}.Debug|Any CPU.ActiveCfg = Debug|Any CPU
		{2B129875-A1E2-477C-9D8D-98FDFF3AB486}.Debug|Any CPU.Build.0 = Debug|Any CPU
		{2B129875-A1E2-477C-9D8D-98FDFF3AB486}.Release|Any CPU.ActiveCfg = Release|Any CPU
		{2B129875-A1E2-477C-9D8D-98FDFF3AB486}.Release|Any CPU.Build.0 = Release|Any CPU
		{CC3B9B69-5083-4ABA-9724-9DAE7FF8F90D}.Debug|Any CPU.ActiveCfg = Debug|Any CPU
		{CC3B9B69-5083-4ABA-9724-9DAE7FF8F90D}.Debug|Any CPU.Build.0 = Debug|Any CPU
		{CC3B9B69-5083-4ABA-9724-9DAE7FF8F90D}.Release|Any CPU.ActiveCfg = Release|Any CPU
		{CC3B9B69-5083-4ABA-9724-9DAE7FF8F90D}.Release|Any CPU.Build.0 = Release|Any CPU
		{1B1A63FC-0DE0-4FA5-B63D-163888A7A965}.Debug|Any CPU.ActiveCfg = Debug|Any CPU
		{1B1A63FC-0DE0-4FA5-B63D-163888A7A965}.Debug|Any CPU.Build.0 = Debug|Any CPU
		{1B1A63FC-0DE0-4FA5-B63D-163888A7A965}.Release|Any CPU.ActiveCfg = Release|Any CPU
		{1B1A63FC-0DE0-4FA5-B63D-163888A7A965}.Release|Any CPU.Build.0 = Release|Any CPU
		{55FCB9F6-69D2-405D-B498-DDAFB00B7C7B}.Debug|Any CPU.ActiveCfg = Debug|Any CPU
		{55FCB9F6-69D2-405D-B498-DDAFB00B7C7B}.Debug|Any CPU.Build.0 = Debug|Any CPU
		{55FCB9F6-69D2-405D-B498-DDAFB00B7C7B}.Release|Any CPU.ActiveCfg = Release|Any CPU
		{55FCB9F6-69D2-405D-B498-DDAFB00B7C7B}.Release|Any CPU.Build.0 = Release|Any CPU
		{01FBB170-EA99-46FC-93AC-D0BA0B18C289}.Debug|Any CPU.ActiveCfg = Debug|Any CPU
		{01FBB170-EA99-46FC-93AC-D0BA0B18C289}.Debug|Any CPU.Build.0 = Debug|Any CPU
		{01FBB170-EA99-46FC-93AC-D0BA0B18C289}.Release|Any CPU.ActiveCfg = Release|Any CPU
		{01FBB170-EA99-46FC-93AC-D0BA0B18C289}.Release|Any CPU.Build.0 = Release|Any CPU
	EndGlobalSection
	GlobalSection(SolutionProperties) = preSolution
		HideSolutionNode = FALSE
	EndGlobalSection
	GlobalSection(NestedProjects) = preSolution
		{21F191FF-B150-4249-8357-7EC8BC9D779A} = {AFB9C732-D409-4431-A6E0-C07669B32FDB}
		{2B129875-A1E2-477C-9D8D-98FDFF3AB486} = {21F191FF-B150-4249-8357-7EC8BC9D779A}
		{CC3B9B69-5083-4ABA-9724-9DAE7FF8F90D} = {21F191FF-B150-4249-8357-7EC8BC9D779A}
		{E1CF7D8D-3984-4A8E-81D1-5C287B219ED8} = {AFB9C732-D409-4431-A6E0-C07669B32FDB}
		{1B1A63FC-0DE0-4FA5-B63D-163888A7A965} = {E1CF7D8D-3984-4A8E-81D1-5C287B219ED8}
		{0A074A6C-6F0D-4D5D-9DB4-F5C972975C47} = {AFB9C732-D409-4431-A6E0-C07669B32FDB}
		{55FCB9F6-69D2-405D-B498-DDAFB00B7C7B} = {0A074A6C-6F0D-4D5D-9DB4-F5C972975C47}
		{7541308A-E3C2-41A6-9D3C-49523A4212BE} = {AFB9C732-D409-4431-A6E0-C07669B32FDB}
		{01FBB170-EA99-46FC-93AC-D0BA0B18C289} = {7541308A-E3C2-41A6-9D3C-49523A4212BE}
	EndGlobalSection
EndGlobal
