
Microsoft Visual Studio Solution File, Format Version 12.00
# Visual Studio 15
VisualStudioVersion = 15.0.26403.0
MinimumVisualStudioVersion = 10.0.40219.1
Project("{2150E333-8FDC-42A3-9474-1A3956D46DE8}") = "core", "core", "{42A64587-89B5-48F2-84D4-85B97F7847F1}"
EndProject
Project("{2150E333-8FDC-42A3-9474-1A3956D46DE8}") = "examples", "examples", "{A82A5922-BF05-4DD7-A2C1-DD22F1AD6A57}"
EndProject
Project("{2150E333-8FDC-42A3-9474-1A3956D46DE8}") = "test", "test", "{DE1913AC-4AA3-4F66-83F1-615710D8367B}"
EndProject
Project("{9A19103F-16F7-4668-BE54-9A1E7A4F7556}") = "Piranha", "core\Piranha\Piranha.csproj", "{7D7EC9B2-BB1B-43FA-BBDC-1AB11D132F07}"
EndProject
Project("{9A19103F-16F7-4668-BE54-9A1E7A4F7556}") = "Piranha.AspNetCore", "core\Piranha.AspNetCore\Piranha.AspNetCore.csproj", "{EB8EB8B1-5A47-4223-8498-434591BF624B}"
EndProject
Project("{9A19103F-16F7-4668-BE54-9A1E7A4F7556}") = "Piranha.AttributeBuilder", "core\Piranha.AttributeBuilder\Piranha.AttributeBuilder.csproj", "{C510A898-BFE5-4632-AB58-4F8B92CAEE34}"
EndProject
Project("{9A19103F-16F7-4668-BE54-9A1E7A4F7556}") = "CoreWeb", "examples\CoreWeb\CoreWeb.csproj", "{C2FD396D-ED18-4D01-8437-4D8488A0AEA6}"
EndProject
Project("{9A19103F-16F7-4668-BE54-9A1E7A4F7556}") = "Piranha.Tests", "test\Piranha.Tests\Piranha.Tests.csproj", "{9B19D8C3-E991-41BD-87C9-DE87C44A5BAC}"
EndProject
Project("{9A19103F-16F7-4668-BE54-9A1E7A4F7556}") = "Piranha.AttributeBuilder.Tests", "test\Piranha.AttributeBuilder.Tests\Piranha.AttributeBuilder.Tests.csproj", "{9C4D5E1B-58DD-47F2-B310-095B352C0D3D}"
EndProject
Project("{2150E333-8FDC-42A3-9474-1A3956D46DE8}") = ".global", ".global", "{88054E40-5547-4EA5-B75E-D446E8E5A021}"
	ProjectSection(SolutionItems) = preProject
		global.json = global.json
		LICENSE = LICENSE
		README.md = README.md
	EndProjectSection
EndProject
Project("{9A19103F-16F7-4668-BE54-9A1E7A4F7556}") = "Piranha.Manager", "core\Piranha.Manager\Piranha.Manager.csproj", "{444EF37E-1F2F-4C3F-88E7-DB291B01E261}"
EndProject
Project("{9A19103F-16F7-4668-BE54-9A1E7A4F7556}") = "Piranha.Local.FileStorage", "core\Piranha.Local.FileStorage\Piranha.Local.FileStorage.csproj", "{4587BC7F-94D4-4DF5-B46E-4CC0E462FF03}"
EndProject
Global
	GlobalSection(SolutionConfigurationPlatforms) = preSolution
		Debug|Any CPU = Debug|Any CPU
		Release|Any CPU = Release|Any CPU
	EndGlobalSection
	GlobalSection(ProjectConfigurationPlatforms) = postSolution
		{7D7EC9B2-BB1B-43FA-BBDC-1AB11D132F07}.Debug|Any CPU.ActiveCfg = Debug|Any CPU
		{7D7EC9B2-BB1B-43FA-BBDC-1AB11D132F07}.Debug|Any CPU.Build.0 = Debug|Any CPU
		{7D7EC9B2-BB1B-43FA-BBDC-1AB11D132F07}.Release|Any CPU.ActiveCfg = Release|Any CPU
		{7D7EC9B2-BB1B-43FA-BBDC-1AB11D132F07}.Release|Any CPU.Build.0 = Release|Any CPU
		{EB8EB8B1-5A47-4223-8498-434591BF624B}.Debug|Any CPU.ActiveCfg = Debug|Any CPU
		{EB8EB8B1-5A47-4223-8498-434591BF624B}.Debug|Any CPU.Build.0 = Debug|Any CPU
		{EB8EB8B1-5A47-4223-8498-434591BF624B}.Release|Any CPU.ActiveCfg = Release|Any CPU
		{EB8EB8B1-5A47-4223-8498-434591BF624B}.Release|Any CPU.Build.0 = Release|Any CPU
		{C510A898-BFE5-4632-AB58-4F8B92CAEE34}.Debug|Any CPU.ActiveCfg = Debug|Any CPU
		{C510A898-BFE5-4632-AB58-4F8B92CAEE34}.Debug|Any CPU.Build.0 = Debug|Any CPU
		{C510A898-BFE5-4632-AB58-4F8B92CAEE34}.Release|Any CPU.ActiveCfg = Release|Any CPU
		{C510A898-BFE5-4632-AB58-4F8B92CAEE34}.Release|Any CPU.Build.0 = Release|Any CPU
		{C2FD396D-ED18-4D01-8437-4D8488A0AEA6}.Debug|Any CPU.ActiveCfg = Debug|Any CPU
		{C2FD396D-ED18-4D01-8437-4D8488A0AEA6}.Debug|Any CPU.Build.0 = Debug|Any CPU
		{C2FD396D-ED18-4D01-8437-4D8488A0AEA6}.Release|Any CPU.ActiveCfg = Release|Any CPU
		{C2FD396D-ED18-4D01-8437-4D8488A0AEA6}.Release|Any CPU.Build.0 = Release|Any CPU
		{9B19D8C3-E991-41BD-87C9-DE87C44A5BAC}.Debug|Any CPU.ActiveCfg = Debug|Any CPU
		{9B19D8C3-E991-41BD-87C9-DE87C44A5BAC}.Debug|Any CPU.Build.0 = Debug|Any CPU
		{9B19D8C3-E991-41BD-87C9-DE87C44A5BAC}.Release|Any CPU.ActiveCfg = Release|Any CPU
		{9B19D8C3-E991-41BD-87C9-DE87C44A5BAC}.Release|Any CPU.Build.0 = Release|Any CPU
		{9C4D5E1B-58DD-47F2-B310-095B352C0D3D}.Debug|Any CPU.ActiveCfg = Debug|Any CPU
		{9C4D5E1B-58DD-47F2-B310-095B352C0D3D}.Debug|Any CPU.Build.0 = Debug|Any CPU
		{9C4D5E1B-58DD-47F2-B310-095B352C0D3D}.Release|Any CPU.ActiveCfg = Release|Any CPU
		{9C4D5E1B-58DD-47F2-B310-095B352C0D3D}.Release|Any CPU.Build.0 = Release|Any CPU
		{444EF37E-1F2F-4C3F-88E7-DB291B01E261}.Debug|Any CPU.ActiveCfg = Debug|Any CPU
		{444EF37E-1F2F-4C3F-88E7-DB291B01E261}.Debug|Any CPU.Build.0 = Debug|Any CPU
		{444EF37E-1F2F-4C3F-88E7-DB291B01E261}.Release|Any CPU.ActiveCfg = Release|Any CPU
		{444EF37E-1F2F-4C3F-88E7-DB291B01E261}.Release|Any CPU.Build.0 = Release|Any CPU
		{4587BC7F-94D4-4DF5-B46E-4CC0E462FF03}.Debug|Any CPU.ActiveCfg = Debug|Any CPU
		{4587BC7F-94D4-4DF5-B46E-4CC0E462FF03}.Debug|Any CPU.Build.0 = Debug|Any CPU
		{4587BC7F-94D4-4DF5-B46E-4CC0E462FF03}.Release|Any CPU.ActiveCfg = Release|Any CPU
		{4587BC7F-94D4-4DF5-B46E-4CC0E462FF03}.Release|Any CPU.Build.0 = Release|Any CPU
	EndGlobalSection
	GlobalSection(SolutionProperties) = preSolution
		HideSolutionNode = FALSE
	EndGlobalSection
	GlobalSection(NestedProjects) = preSolution
		{7D7EC9B2-BB1B-43FA-BBDC-1AB11D132F07} = {42A64587-89B5-48F2-84D4-85B97F7847F1}
		{EB8EB8B1-5A47-4223-8498-434591BF624B} = {42A64587-89B5-48F2-84D4-85B97F7847F1}
		{C510A898-BFE5-4632-AB58-4F8B92CAEE34} = {42A64587-89B5-48F2-84D4-85B97F7847F1}
		{C2FD396D-ED18-4D01-8437-4D8488A0AEA6} = {A82A5922-BF05-4DD7-A2C1-DD22F1AD6A57}
		{9B19D8C3-E991-41BD-87C9-DE87C44A5BAC} = {DE1913AC-4AA3-4F66-83F1-615710D8367B}
		{9C4D5E1B-58DD-47F2-B310-095B352C0D3D} = {DE1913AC-4AA3-4F66-83F1-615710D8367B}
		{444EF37E-1F2F-4C3F-88E7-DB291B01E261} = {42A64587-89B5-48F2-84D4-85B97F7847F1}
		{4587BC7F-94D4-4DF5-B46E-4CC0E462FF03} = {42A64587-89B5-48F2-84D4-85B97F7847F1}
	EndGlobalSection
EndGlobal
