Microsoft Visual Studio Solution File, Format Version 12.00
# Visual Studio Version 17
VisualStudioVersion = 17.5.2.0
MinimumVisualStudioVersion = 10.0.40219.1
Project("{FAE04EC0-301F-11D3-BF4B-00C04F79EFBC}") = "ContentRus.Manager", "ContentRus.Manager.csproj", "{3096D315-0F22-5E6D-0963-936D03D6D6A4}"
EndProject
Global
	GlobalSection(SolutionConfigurationPlatforms) = preSolution
		Debug|Any CPU = Debug|Any CPU
		Release|Any CPU = Release|Any CPU
	EndGlobalSection
	GlobalSection(ProjectConfigurationPlatforms) = postSolution
		{3096D315-0F22-5E6D-0963-936D03D6D6A4}.Debug|Any CPU.ActiveCfg = Debug|Any CPU
		{3096D315-0F22-5E6D-0963-936D03D6D6A4}.Debug|Any CPU.Build.0 = Debug|Any CPU
		{3096D315-0F22-5E6D-0963-936D03D6D6A4}.Release|Any CPU.ActiveCfg = Release|Any CPU
		{3096D315-0F22-5E6D-0963-936D03D6D6A4}.Release|Any CPU.Build.0 = Release|Any CPU
	EndGlobalSection
	GlobalSection(SolutionProperties) = preSolution
		HideSolutionNode = FALSE
	EndGlobalSection
	GlobalSection(ExtensibilityGlobals) = postSolution
		SolutionGuid = {DE2A8C83-C5C3-4A5F-A023-AA83A8459D67}
	EndGlobalSection
EndGlobal
